lockfileVersion: '9.0'

settings:
  autoInstallPeers: true
  excludeLinksFromLockfile: false

importers:

  .:
    dependencies:
      '@tauri-apps/api':
        specifier: '>=2.0.0-rc.0'
        version: 2.0.0-rc.0
      buffer:
        specifier: ^6.0.3
        version: 6.0.3
      nanoid:
        specifier: ^5.0.7
        version: 5.0.7
      tslib:
        specifier: ^2.1.0
        version: 2.6.2
    devDependencies:
      '@types/node':
        specifier: ^20.12.8
        version: 20.12.12
      typescript:
        specifier: 4.7.3
        version: 4.7.3

packages:

  '@tauri-apps/api@2.0.0-rc.0':
    resolution: {integrity: sha512-v454Qs3REHc3Za59U+/eSmBsdmF+3NE5+76+lFDaitVqN4ZglDHENDaMARYKGJVZuxiSkzyqG0SeG7lLQjVkPA==}
    engines: {node: '>= 18.18', npm: '>= 6.6.0', yarn: '>= 1.19.1'}

  '@types/node@20.12.12':
    resolution: {integrity: sha512-eWLDGF/FOSPtAvEqeRAQ4C8LSA7M1I7i0ky1I8U7kD1J5ITyW3AsRhQrKVoWf5pFKZ2kILsEGJhsI9r93PYnOw==}

  base64-js@1.5.1:
    resolution: {integrity: sha512-AKpaYlHn8t4SVbOHCy+b5+KKgvR4vrsD8vbvrbiQJps7fKDTkjkDry6ji0rUJjC0kzbNePLwzxq8iypo41qeWA==}

  buffer@6.0.3:
    resolution: {integrity: sha512-FTiCpNxtwiZZHEZbcbTIcZjERVICn9yq/pDFkTl95/AxzD1naBctN7YO68riM/gLSDY7sdrMby8hofADYuuqOA==}

  ieee754@1.2.1:
    resolution: {integrity: sha512-dcyqhDvX1C46lXZcVqCpK+FtMRQVdIMN6/Df5js2zouUsqG7I6sFxitIC+7KYK29KdXOLHdu9zL4sFnoVQnqaA==}

  nanoid@5.0.7:
    resolution: {integrity: sha512-oLxFY2gd2IqnjcYyOXD8XGCftpGtZP2AbHbOkthDkvRywH5ayNtPVy9YlOPcHckXzbLTCHpkb7FB+yuxKV13pQ==}
    engines: {node: ^18 || >=20}
    hasBin: true

  tslib@2.6.2:
    resolution: {integrity: sha512-AEYxH93jGFPn/a2iVAwW87VuUIkR1FVUKB77NwMF7nBTDkDrrT/Hpt/IrCJ0QXhW27jTBDcf5ZY7w6RiqTMw2Q==}

  typescript@4.7.3:
    resolution: {integrity: sha512-WOkT3XYvrpXx4vMMqlD+8R8R37fZkjyLGlxavMc4iB8lrl8L0DeTcHbYgw/v0N/z9wAFsgBhcsF0ruoySS22mA==}
    engines: {node: '>=4.2.0'}
    hasBin: true

  undici-types@5.26.5:
    resolution: {integrity: sha512-JlCMO+ehdEIKqlFxk6IfVoAUVmgz7cU7zD/h9XZ0qzeosSHmUJVOzSQvvYSYWXkFXC+IfLKSIffhv0sVZup6pA==}

snapshots:

  '@tauri-apps/api@2.0.0-rc.0': {}

  '@types/node@20.12.12':
    dependencies:
      undici-types: 5.26.5

  base64-js@1.5.1: {}

  buffer@6.0.3:
    dependencies:
      base64-js: 1.5.1
      ieee754: 1.2.1

  ieee754@1.2.1: {}

  nanoid@5.0.7: {}

  tslib@2.6.2: {}

  typescript@4.7.3: {}

  undici-types@5.26.5: {}
